
Microsoft Visual Studio Solution File, Format Version 12.00
# Visual Studio Version 17
VisualStudioVersion = 17.10.34916.146
MinimumVisualStudioVersion = 10.0.40219.1
Project("{FAE04EC0-301F-11D3-BF4B-00C04F79EFBC}") = "LigaNosEarredores", "LigaNosEarredores\LigaNosEarredores.csproj", "{B9F61E00-77CF-48F0-90CC-AC0228B70C27}"
EndProject
Project("{FAE04EC0-301F-11D3-BF4B-00C04F79EFBC}") = "BibiliotecaLigaNos", "BibiliotecaLigaNos\BibiliotecaLigaNos.csproj", "{CB96288B-32CD-46FF-8438-9642CC195C46}"
EndProject
Global
	GlobalSection(SolutionConfigurationPlatforms) = preSolution
		Debug|Any CPU = Debug|Any CPU
		Release|Any CPU = Release|Any CPU
	EndGlobalSection
	GlobalSection(ProjectConfigurationPlatforms) = postSolution
		{B9F61E00-77CF-48F0-90CC-AC0228B70C27}.Debug|Any CPU.ActiveCfg = Debug|Any CPU
		{B9F61E00-77CF-48F0-90CC-AC0228B70C27}.Debug|Any CPU.Build.0 = Debug|Any CPU
		{B9F61E00-77CF-48F0-90CC-AC0228B70C27}.Release|Any CPU.ActiveCfg = Release|Any CPU
		{B9F61E00-77CF-48F0-90CC-AC0228B70C27}.Release|Any CPU.Build.0 = Release|Any CPU
		{CB96288B-32CD-46FF-8438-9642CC195C46}.Debug|Any CPU.ActiveCfg = Debug|Any CPU
		{CB96288B-32CD-46FF-8438-9642CC195C46}.Debug|Any CPU.Build.0 = Debug|Any CPU
		{CB96288B-32CD-46FF-8438-9642CC195C46}.Release|Any CPU.ActiveCfg = Release|Any CPU
		{CB96288B-32CD-46FF-8438-9642CC195C46}.Release|Any CPU.Build.0 = Release|Any CPU
	EndGlobalSection
	GlobalSection(SolutionProperties) = preSolution
		HideSolutionNode = FALSE
	EndGlobalSection
	GlobalSection(ExtensibilityGlobals) = postSolution
		SolutionGuid = {43FAA66C-FA3F-4C35-AF44-5F1235845FAD}
	EndGlobalSection
EndGlobal
